
Microsoft Visual Studio Solution File, Format Version 12.00
# Visual Studio Version 17
VisualStudioVersion = 17.8.34316.72
MinimumVisualStudioVersion = 10.0.40219.1
Project("{FAE04EC0-301F-11D3-BF4B-00C04F79EFBC}") = "10 pelicula", "10 pelicula\10 pelicula.csproj", "{86B1B958-AD4A-46D8-9E8D-42EDC77940E8}"
EndProject
Global
	GlobalSection(SolutionConfigurationPlatforms) = preSolution
		Debug|Any CPU = Debug|Any CPU
		Release|Any CPU = Release|Any CPU
	EndGlobalSection
	GlobalSection(ProjectConfigurationPlatforms) = postSolution
		{86B1B958-AD4A-46D8-9E8D-42EDC77940E8}.Debug|Any CPU.ActiveCfg = Debug|Any CPU
		{86B1B958-AD4A-46D8-9E8D-42EDC77940E8}.Debug|Any CPU.Build.0 = Debug|Any CPU
		{86B1B958-AD4A-46D8-9E8D-42EDC77940E8}.Release|Any CPU.ActiveCfg = Release|Any CPU
		{86B1B958-AD4A-46D8-9E8D-42EDC77940E8}.Release|Any CPU.Build.0 = Release|Any CPU
	EndGlobalSection
	GlobalSection(SolutionProperties) = preSolution
		HideSolutionNode = FALSE
	EndGlobalSection
	GlobalSection(ExtensibilityGlobals) = postSolution
		SolutionGuid = {D1E53A26-58A8-4773-B290-97381AC3922F}
	EndGlobalSection
EndGlobal
